
Microsoft Visual Studio Solution File, Format Version 12.00
# Visual Studio Version 17
VisualStudioVersion = 17.6.33723.286
MinimumVisualStudioVersion = 10.0.40219.1
Project("{FAE04EC0-301F-11D3-BF4B-00C04F79EFBC}") = "SDA_builder", "SDA_builder\SDA_builder.csproj", "{09BA22B6-455C-45F1-AFF7-C17619A494B2}"
EndProject
Global
	GlobalSection(SolutionConfigurationPlatforms) = preSolution
		Debug|Any CPU = Debug|Any CPU
		Release|Any CPU = Release|Any CPU
	EndGlobalSection
	GlobalSection(ProjectConfigurationPlatforms) = postSolution
		{09BA22B6-455C-45F1-AFF7-C17619A494B2}.Debug|Any CPU.ActiveCfg = Debug|Any CPU
		{09BA22B6-455C-45F1-AFF7-C17619A494B2}.Debug|Any CPU.Build.0 = Debug|Any CPU
		{09BA22B6-455C-45F1-AFF7-C17619A494B2}.Release|Any CPU.ActiveCfg = Release|Any CPU
		{09BA22B6-455C-45F1-AFF7-C17619A494B2}.Release|Any CPU.Build.0 = Release|Any CPU
	EndGlobalSection
	GlobalSection(SolutionProperties) = preSolution
		HideSolutionNode = FALSE
	EndGlobalSection
	GlobalSection(ExtensibilityGlobals) = postSolution
		SolutionGuid = {A8F3AF30-E857-4E5B-9276-0CA656A5ADF3}
	EndGlobalSection
EndGlobal
